// !$*UTF8*$!
{
	archiveVersion = 1;
	classes = {
	};
	objectVersion = 46;
	objects = {

/* Begin PBXBuildFile section */
		CE2227E7177D646C0055B22B /* CardMatchingGame.m in Sources */ = {isa = PBXBuildFile; fileRef = CE2227E6177D646C0055B22B /* CardMatchingGame.m */; };
		CEDF2FF1177AC39700FBDCCC /* UIKit.framework in Frameworks */ = {isa = PBXBuildFile; fileRef = CEDF2FF0177AC39700FBDCCC /* UIKit.framework */; };
		CEDF2FF3177AC39700FBDCCC /* Foundation.framework in Frameworks */ = {isa = PBXBuildFile; fileRef = CEDF2FF2177AC39700FBDCCC /* Foundation.framework */; };
		CEDF2FF5177AC39700FBDCCC /* CoreGraphics.framework in Frameworks */ = {isa = PBXBuildFile; fileRef = CEDF2FF4177AC39700FBDCCC /* CoreGraphics.framework */; };
		CEDF2FFB177AC39800FBDCCC /* InfoPlist.strings in Resources */ = {isa = PBXBuildFile; fileRef = CEDF2FF9177AC39800FBDCCC /* InfoPlist.strings */; };
		CEDF2FFD177AC39800FBDCCC /* main.m in Sources */ = {isa = PBXBuildFile; fileRef = CEDF2FFC177AC39800FBDCCC /* main.m */; };
		CEDF3001177AC39800FBDCCC /* CardGameAppDelegate.m in Sources */ = {isa = PBXBuildFile; fileRef = CEDF3000177AC39800FBDCCC /* CardGameAppDelegate.m */; };
		CEDF3003177AC39800FBDCCC /* Default.png in Resources */ = {isa = PBXBuildFile; fileRef = CEDF3002177AC39800FBDCCC /* Default.png */; };
		CEDF3005177AC39800FBDCCC /* Default@2x.png in Resources */ = {isa = PBXBuildFile; fileRef = CEDF3004177AC39800FBDCCC /* Default@2x.png */; };
		CEDF3007177AC39800FBDCCC /* Default-568h@2x.png in Resources */ = {isa = PBXBuildFile; fileRef = CEDF3006177AC39800FBDCCC /* Default-568h@2x.png */; };
		CEDF300A177AC39800FBDCCC /* MainStoryboard.storyboard in Resources */ = {isa = PBXBuildFile; fileRef = CEDF3008177AC39800FBDCCC /* MainStoryboard.storyboard */; };
		CEDF300D177AC39800FBDCCC /* CardGameViewController.m in Sources */ = {isa = PBXBuildFile; fileRef = CEDF300C177AC39800FBDCCC /* CardGameViewController.m */; };
		CEDF3016177BC7ED00FBDCCC /* Card.m in Sources */ = {isa = PBXBuildFile; fileRef = CEDF3015177BC7ED00FBDCCC /* Card.m */; };
		CEDF3019177BC85500FBDCCC /* Deck.m in Sources */ = {isa = PBXBuildFile; fileRef = CEDF3018177BC85500FBDCCC /* Deck.m */; };
		CEDF301C177BC87500FBDCCC /* PlayingCard.m in Sources */ = {isa = PBXBuildFile; fileRef = CEDF301B177BC87500FBDCCC /* PlayingCard.m */; };
		CEDF301F177BC8AB00FBDCCC /* PlayingCardDeck.m in Sources */ = {isa = PBXBuildFile; fileRef = CEDF301E177BC8AA00FBDCCC /* PlayingCardDeck.m */; };
/* End PBXBuildFile section */

/* Begin PBXFileReference section */
		CE2227E5177D646C0055B22B /* CardMatchingGame.h */ = {isa = PBXFileReference; fileEncoding = 4; lastKnownFileType = sourcecode.c.h; path = CardMatchingGame.h; sourceTree = "<group>"; };
		CE2227E6177D646C0055B22B /* CardMatchingGame.m */ = {isa = PBXFileReference; fileEncoding = 4; lastKnownFileType = sourcecode.c.objc; path = CardMatchingGame.m; sourceTree = "<group>"; };
		CEDF2FED177AC39700FBDCCC /* Matchismo.app */ = {isa = PBXFileReference; explicitFileType = wrapper.application; includeInIndex = 0; path = Matchismo.app; sourceTree = BUILT_PRODUCTS_DIR; };
		CEDF2FF0177AC39700FBDCCC /* UIKit.framework */ = {isa = PBXFileReference; lastKnownFileType = wrapper.framework; name = UIKit.framework; path = System/Library/Frameworks/UIKit.framework; sourceTree = SDKROOT; };
		CEDF2FF2177AC39700FBDCCC /* Foundation.framework */ = {isa = PBXFileReference; lastKnownFileType = wrapper.framework; name = Foundation.framework; path = System/Library/Frameworks/Foundation.framework; sourceTree = SDKROOT; };
		CEDF2FF4177AC39700FBDCCC /* CoreGraphics.framework */ = {isa = PBXFileReference; lastKnownFileType = wrapper.framework; name = CoreGraphics.framework; path = System/Library/Frameworks/CoreGraphics.framework; sourceTree = SDKROOT; };
		CEDF2FF8177AC39700FBDCCC /* Matchismo-Info.plist */ = {isa = PBXFileReference; lastKnownFileType = text.plist.xml; path = "Matchismo-Info.plist"; sourceTree = "<group>"; };
		CEDF2FFA177AC39800FBDCCC /* en */ = {isa = PBXFileReference; lastKnownFileType = text.plist.strings; name = en; path = en.lproj/InfoPlist.strings; sourceTree = "<group>"; };
		CEDF2FFC177AC39800FBDCCC /* main.m */ = {isa = PBXFileReference; lastKnownFileType = sourcecode.c.objc; path = main.m; sourceTree = "<group>"; };
		CEDF2FFE177AC39800FBDCCC /* Matchismo-Prefix.pch */ = {isa = PBXFileReference; lastKnownFileType = sourcecode.c.h; path = "Matchismo-Prefix.pch"; sourceTree = "<group>"; };
		CEDF2FFF177AC39800FBDCCC /* CardGameAppDelegate.h */ = {isa = PBXFileReference; lastKnownFileType = sourcecode.c.h; path = CardGameAppDelegate.h; sourceTree = "<group>"; };
		CEDF3000177AC39800FBDCCC /* CardGameAppDelegate.m */ = {isa = PBXFileReference; lastKnownFileType = sourcecode.c.objc; path = CardGameAppDelegate.m; sourceTree = "<group>"; };
		CEDF3002177AC39800FBDCCC /* Default.png */ = {isa = PBXFileReference; lastKnownFileType = image.png; path = Default.png; sourceTree = "<group>"; };
		CEDF3004177AC39800FBDCCC /* Default@2x.png */ = {isa = PBXFileReference; lastKnownFileType = image.png; path = "Default@2x.png"; sourceTree = "<group>"; };
		CEDF3006177AC39800FBDCCC /* Default-568h@2x.png */ = {isa = PBXFileReference; lastKnownFileType = image.png; path = "Default-568h@2x.png"; sourceTree = "<group>"; };
		CEDF3009177AC39800FBDCCC /* en */ = {isa = PBXFileReference; lastKnownFileType = file.storyboard; name = en; path = en.lproj/MainStoryboard.storyboard; sourceTree = "<group>"; };
		CEDF300B177AC39800FBDCCC /* CardGameViewController.h */ = {isa = PBXFileReference; lastKnownFileType = sourcecode.c.h; path = CardGameViewController.h; sourceTree = "<group>"; };
		CEDF300C177AC39800FBDCCC /* CardGameViewController.m */ = {isa = PBXFileReference; lastKnownFileType = sourcecode.c.objc; path = CardGameViewController.m; sourceTree = "<group>"; };
		CEDF3014177BC7ED00FBDCCC /* Card.h */ = {isa = PBXFileReference; fileEncoding = 4; lastKnownFileType = sourcecode.c.h; name = Card.h; path = Model/Card.h; sourceTree = "<group>"; };
		CEDF3015177BC7ED00FBDCCC /* Card.m */ = {isa = PBXFileReference; fileEncoding = 4; lastKnownFileType = sourcecode.c.objc; name = Card.m; path = Model/Card.m; sourceTree = "<group>"; };
		CEDF3017177BC85500FBDCCC /* Deck.h */ = {isa = PBXFileReference; fileEncoding = 4; lastKnownFileType = sourcecode.c.h; name = Deck.h; path = Model/Deck.h; sourceTree = "<group>"; };
		CEDF3018177BC85500FBDCCC /* Deck.m */ = {isa = PBXFileReference; fileEncoding = 4; lastKnownFileType = sourcecode.c.objc; name = Deck.m; path = Model/Deck.m; sourceTree = "<group>"; };
		CEDF301A177BC87500FBDCCC /* PlayingCard.h */ = {isa = PBXFileReference; fileEncoding = 4; lastKnownFileType = sourcecode.c.h; name = PlayingCard.h; path = Model/PlayingCard.h; sourceTree = "<group>"; };
		CEDF301B177BC87500FBDCCC /* PlayingCard.m */ = {isa = PBXFileReference; fileEncoding = 4; lastKnownFileType = sourcecode.c.objc; name = PlayingCard.m; path = Model/PlayingCard.m; sourceTree = "<group>"; };
		CEDF301D177BC8AA00FBDCCC /* PlayingCardDeck.h */ = {isa = PBXFileReference; fileEncoding = 4; lastKnownFileType = sourcecode.c.h; name = PlayingCardDeck.h; path = Model/PlayingCardDeck.h; sourceTree = "<group>"; };
		CEDF301E177BC8AA00FBDCCC /* PlayingCardDeck.m */ = {isa = PBXFileReference; fileEncoding = 4; lastKnownFileType = sourcecode.c.objc; name = PlayingCardDeck.m; path = Model/PlayingCardDeck.m; sourceTree = "<group>"; };
/* End PBXFileReference section */

/* Begin PBXFrameworksBuildPhase section */
		CEDF2FEA177AC39700FBDCCC /* Frameworks */ = {
			isa = PBXFrameworksBuildPhase;
			buildActionMask = 2147483647;
			files = (
				CEDF2FF1177AC39700FBDCCC /* UIKit.framework in Frameworks */,
				CEDF2FF3177AC39700FBDCCC /* Foundation.framework in Frameworks */,
				CEDF2FF5177AC39700FBDCCC /* CoreGraphics.framework in Frameworks */,
			);
			runOnlyForDeploymentPostprocessing = 0;
		};
/* End PBXFrameworksBuildPhase section */

/* Begin PBXGroup section */
		CEDF2FE4177AC39700FBDCCC = {
			isa = PBXGroup;
			children = (
				CEDF2FF6177AC39700FBDCCC /* Matchismo */,
				CEDF2FEF177AC39700FBDCCC /* Frameworks */,
				CEDF2FEE177AC39700FBDCCC /* Products */,
			);
			sourceTree = "<group>";
		};
		CEDF2FEE177AC39700FBDCCC /* Products */ = {
			isa = PBXGroup;
			children = (
				CEDF2FED177AC39700FBDCCC /* Matchismo.app */,
			);
			name = Products;
			sourceTree = "<group>";
		};
		CEDF2FEF177AC39700FBDCCC /* Frameworks */ = {
			isa = PBXGroup;
			children = (
				CEDF2FF0177AC39700FBDCCC /* UIKit.framework */,
				CEDF2FF2177AC39700FBDCCC /* Foundation.framework */,
				CEDF2FF4177AC39700FBDCCC /* CoreGraphics.framework */,
			);
			name = Frameworks;
			sourceTree = "<group>";
		};
		CEDF2FF6177AC39700FBDCCC /* Matchismo */ = {
			isa = PBXGroup;
			children = (
				CEDF3013177AD86400FBDCCC /* Model */,
				CEDF3008177AC39800FBDCCC /* MainStoryboard.storyboard */,
				CEDF300B177AC39800FBDCCC /* CardGameViewController.h */,
				CEDF300C177AC39800FBDCCC /* CardGameViewController.m */,
				CEDF2FF7177AC39700FBDCCC /* Supporting Files */,
			);
			path = Matchismo;
			sourceTree = "<group>";
		};
		CEDF2FF7177AC39700FBDCCC /* Supporting Files */ = {
			isa = PBXGroup;
			children = (
				CEDF2FFF177AC39800FBDCCC /* CardGameAppDelegate.h */,
				CEDF3000177AC39800FBDCCC /* CardGameAppDelegate.m */,
				CEDF2FF8177AC39700FBDCCC /* Matchismo-Info.plist */,
				CEDF2FF9177AC39800FBDCCC /* InfoPlist.strings */,
				CEDF2FFC177AC39800FBDCCC /* main.m */,
				CEDF2FFE177AC39800FBDCCC /* Matchismo-Prefix.pch */,
				CEDF3002177AC39800FBDCCC /* Default.png */,
				CEDF3004177AC39800FBDCCC /* Default@2x.png */,
				CEDF3006177AC39800FBDCCC /* Default-568h@2x.png */,
			);
			name = "Supporting Files";
			sourceTree = "<group>";
		};
		CEDF3013177AD86400FBDCCC /* Model */ = {
			isa = PBXGroup;
			children = (
				CE2227E5177D646C0055B22B /* CardMatchingGame.h */,
				CE2227E6177D646C0055B22B /* CardMatchingGame.m */,
				CEDF3014177BC7ED00FBDCCC /* Card.h */,
				CEDF3015177BC7ED00FBDCCC /* Card.m */,
				CEDF3017177BC85500FBDCCC /* Deck.h */,
				CEDF3018177BC85500FBDCCC /* Deck.m */,
				CEDF301A177BC87500FBDCCC /* PlayingCard.h */,
				CEDF301B177BC87500FBDCCC /* PlayingCard.m */,
				CEDF301D177BC8AA00FBDCCC /* PlayingCardDeck.h */,
				CEDF301E177BC8AA00FBDCCC /* PlayingCardDeck.m */,
			);
			name = Model;
			sourceTree = "<group>";
		};
/* End PBXGroup section */

/* Begin PBXNativeTarget section */
		CEDF2FEC177AC39700FBDCCC /* Matchismo */ = {
			isa = PBXNativeTarget;
			buildConfigurationList = CEDF3010177AC39800FBDCCC /* Build configuration list for PBXNativeTarget "Matchismo" */;
			buildPhases = (
				CEDF2FE9177AC39700FBDCCC /* Sources */,
				CEDF2FEA177AC39700FBDCCC /* Frameworks */,
				CEDF2FEB177AC39700FBDCCC /* Resources */,
			);
			buildRules = (
			);
			dependencies = (
			);
			name = Matchismo;
			productName = Matchismo;
			productReference = CEDF2FED177AC39700FBDCCC /* Matchismo.app */;
			productType = "com.apple.product-type.application";
		};
/* End PBXNativeTarget section */

/* Begin PBXProject section */
		CEDF2FE5177AC39700FBDCCC /* Project object */ = {
			isa = PBXProject;
			attributes = {
				CLASSPREFIX = CardGame;
				LastUpgradeCheck = 0460;
				ORGANIZATIONNAME = opensoda;
			};
			buildConfigurationList = CEDF2FE8177AC39700FBDCCC /* Build configuration list for PBXProject "Matchismo" */;
			compatibilityVersion = "Xcode 3.2";
			developmentRegion = English;
			hasScannedForEncodings = 0;
			knownRegions = (
				en,
			);
			mainGroup = CEDF2FE4177AC39700FBDCCC;
			productRefGroup = CEDF2FEE177AC39700FBDCCC /* Products */;
			projectDirPath = "";
			projectRoot = "";
			targets = (
				CEDF2FEC177AC39700FBDCCC /* Matchismo */,
			);
		};
/* End PBXProject section */

/* Begin PBXResourcesBuildPhase section */
		CEDF2FEB177AC39700FBDCCC /* Resources */ = {
			isa = PBXResourcesBuildPhase;
			buildActionMask = 2147483647;
			files = (
				CEDF2FFB177AC39800FBDCCC /* InfoPlist.strings in Resources */,
				CEDF3003177AC39800FBDCCC /* Default.png in Resources */,
				CEDF3005177AC39800FBDCCC /* Default@2x.png in Resources */,
				CEDF3007177AC39800FBDCCC /* Default-568h@2x.png in Resources */,
				CEDF300A177AC39800FBDCCC /* MainStoryboard.storyboard in Resources */,
			);
			runOnlyForDeploymentPostprocessing = 0;
		};
/* End PBXResourcesBuildPhase section */

/* Begin PBXSourcesBuildPhase section */
		CEDF2FE9177AC39700FBDCCC /* Sources */ = {
			isa = PBXSourcesBuildPhase;
			buildActionMask = 2147483647;
			files = (
				CEDF2FFD177AC39800FBDCCC /* main.m in Sources */,
				CEDF3001177AC39800FBDCCC /* CardGameAppDelegate.m in Sources */,
				CEDF300D177AC39800FBDCCC /* CardGameViewController.m in Sources */,
				CEDF3016177BC7ED00FBDCCC /* Card.m in Sources */,
				CEDF3019177BC85500FBDCCC /* Deck.m in Sources */,
				CEDF301C177BC87500FBDCCC /* PlayingCard.m in Sources */,
				CEDF301F177BC8AB00FBDCCC /* PlayingCardDeck.m in Sources */,
				CE2227E7177D646C0055B22B /* CardMatchingGame.m in Sources */,
			);
			runOnlyForDeploymentPostprocessing = 0;
		};
/* End PBXSourcesBuildPhase section */

/* Begin PBXVariantGroup section */
		CEDF2FF9177AC39800FBDCCC /* InfoPlist.strings */ = {
			isa = PBXVariantGroup;
			children = (
				CEDF2FFA177AC39800FBDCCC /* en */,
			);
			name = InfoPlist.strings;
			sourceTree = "<group>";
		};
		CEDF3008177AC39800FBDCCC /* MainStoryboard.storyboard */ = {
			isa = PBXVariantGroup;
			children = (
				CEDF3009177AC39800FBDCCC /* en */,
			);
			name = MainStoryboard.storyboard;
			sourceTree = "<group>";
		};
/* End PBXVariantGroup section */

/* Begin XCBuildConfiguration section */
		CEDF300E177AC39800FBDCCC /* Debug */ = {
			isa = XCBuildConfiguration;
			buildSettings = {
				ALWAYS_SEARCH_USER_PATHS = NO;
				CLANG_CXX_LANGUAGE_STANDARD = "gnu++0x";
				CLANG_CXX_LIBRARY = "libc++";
				CLANG_ENABLE_OBJC_ARC = YES;
				CLANG_WARN_CONSTANT_CONVERSION = YES;
				CLANG_WARN_EMPTY_BODY = YES;
				CLANG_WARN_ENUM_CONVERSION = YES;
				CLANG_WARN_INT_CONVERSION = YES;
				CLANG_WARN__DUPLICATE_METHOD_MATCH = YES;
				"CODE_SIGN_IDENTITY[sdk=iphoneos*]" = "iPhone Developer";
				COPY_PHASE_STRIP = NO;
				GCC_C_LANGUAGE_STANDARD = gnu99;
				GCC_DYNAMIC_NO_PIC = NO;
				GCC_OPTIMIZATION_LEVEL = 0;
				GCC_PREPROCESSOR_DEFINITIONS = (
					"DEBUG=1",
					"$(inherited)",
				);
				GCC_SYMBOLS_PRIVATE_EXTERN = NO;
				GCC_WARN_ABOUT_RETURN_TYPE = YES;
				GCC_WARN_UNINITIALIZED_AUTOS = YES;
				GCC_WARN_UNUSED_VARIABLE = YES;
				IPHONEOS_DEPLOYMENT_TARGET = 6.1;
				ONLY_ACTIVE_ARCH = YES;
				SDKROOT = iphoneos;
			};
			name = Debug;
		};
		CEDF300F177AC39800FBDCCC /* Release */ = {
			isa = XCBuildConfiguration;
			buildSettings = {
				ALWAYS_SEARCH_USER_PATHS = NO;
				CLANG_CXX_LANGUAGE_STANDARD = "gnu++0x";
				CLANG_CXX_LIBRARY = "libc++";
				CLANG_ENABLE_OBJC_ARC = YES;
				CLANG_WARN_CONSTANT_CONVERSION = YES;
				CLANG_WARN_EMPTY_BODY = YES;
				CLANG_WARN_ENUM_CONVERSION = YES;
				CLANG_WARN_INT_CONVERSION = YES;
				CLANG_WARN__DUPLICATE_METHOD_MATCH = YES;
				"CODE_SIGN_IDENTITY[sdk=iphoneos*]" = "iPhone Developer";
				COPY_PHASE_STRIP = YES;
				GCC_C_LANGUAGE_STANDARD = gnu99;
				GCC_WARN_ABOUT_RETURN_TYPE = YES;
				GCC_WARN_UNINITIALIZED_AUTOS = YES;
				GCC_WARN_UNUSED_VARIABLE = YES;
				IPHONEOS_DEPLOYMENT_TARGET = 6.1;
				OTHER_CFLAGS = "-DNS_BLOCK_ASSERTIONS=1";
				SDKROOT = iphoneos;
				VALIDATE_PRODUCT = YES;
			};
			name = Release;
		};
		CEDF3011177AC39800FBDCCC /* Debug */ = {
			isa = XCBuildConfiguration;
			buildSettings = {
				GCC_PRECOMPILE_PREFIX_HEADER = YES;
				GCC_PREFIX_HEADER = "Matchismo/Matchismo-Prefix.pch";
				INFOPLIST_FILE = "Matchismo/Matchismo-Info.plist";
				PRODUCT_NAME = "$(TARGET_NAME)";
				WRAPPER_EXTENSION = app;
			};
			name = Debug;
		};
		CEDF3012177AC39800FBDCCC /* Release */ = {
			isa = XCBuildConfiguration;
			buildSettings = {
				GCC_PRECOMPILE_PREFIX_HEADER = YES;
				GCC_PREFIX_HEADER = "Matchismo/Matchismo-Prefix.pch";
				INFOPLIST_FILE = "Matchismo/Matchismo-Info.plist";
				PRODUCT_NAME = "$(TARGET_NAME)";
				WRAPPER_EXTENSION = app;
			};
			name = Release;
		};
/* End XCBuildConfiguration section */

/* Begin XCConfigurationList section */
		CEDF2FE8177AC39700FBDCCC /* Build configuration list for PBXProject "Matchismo" */ = {
			isa = XCConfigurationList;
			buildConfigurations = (
				CEDF300E177AC39800FBDCCC /* Debug */,
				CEDF300F177AC39800FBDCCC /* Release */,
			);
			defaultConfigurationIsVisible = 0;
			defaultConfigurationName = Release;
		};
		CEDF3010177AC39800FBDCCC /* Build configuration list for PBXNativeTarget "Matchismo" */ = {
			isa = XCConfigurationList;
			buildConfigurations = (
				CEDF3011177AC39800FBDCCC /* Debug */,
				CEDF3012177AC39800FBDCCC /* Release */,
			);
			defaultConfigurationIsVisible = 0;
			defaultConfigurationName = Release;
		};
/* End XCConfigurationList section */
	};
	rootObject = CEDF2FE5177AC39700FBDCCC /* Project object */;
}
